// !$*UTF8*$!
{
	archiveVersion = 1;
	classes = {
	};
	objectVersion = 56;
	objects = {

/* Begin PBXBuildFile section */
		52F04C7929DAB4C400EC6372 /* AppDelegate.swift in Sources */ = {isa = PBXBuildFile; fileRef = 52F04C7829DAB4C400EC6372 /* AppDelegate.swift */; };
		52F04C7B29DAB4C400EC6372 /* SceneDelegate.swift in Sources */ = {isa = PBXBuildFile; fileRef = 52F04C7A29DAB4C400EC6372 /* SceneDelegate.swift */; };
		52F04C8229DAB4C500EC6372 /* Assets.xcassets in Resources */ = {isa = PBXBuildFile; fileRef = 52F04C8129DAB4C500EC6372 /* Assets.xcassets */; };
		52F04CB929DAB52B00EC6372 /* SlideShowCollectionViewCell.swift in Sources */ = {isa = PBXBuildFile; fileRef = 52F04C9129DAB52A00EC6372 /* SlideShowCollectionViewCell.swift */; };
		52F04CBA29DAB52B00EC6372 /* HomeViewController.swift in Sources */ = {isa = PBXBuildFile; fileRef = 52F04C9329DAB52A00EC6372 /* HomeViewController.swift */; };
		52F04CBB29DAB52B00EC6372 /* HomeViewController.storyboard in Resources */ = {isa = PBXBuildFile; fileRef = 52F04C9429DAB52A00EC6372 /* HomeViewController.storyboard */; };
		52F04CBC29DAB52B00EC6372 /* FavoritesViewController.storyboard in Resources */ = {isa = PBXBuildFile; fileRef = 52F04C9829DAB52A00EC6372 /* FavoritesViewController.storyboard */; };
		52F04CBD29DAB52B00EC6372 /* FavoritesViewController.swift in Sources */ = {isa = PBXBuildFile; fileRef = 52F04C9929DAB52A00EC6372 /* FavoritesViewController.swift */; };
		52F04CBE29DAB52B00EC6372 /* ScanViewController.storyboard in Resources */ = {isa = PBXBuildFile; fileRef = 52F04C9D29DAB52A00EC6372 /* ScanViewController.storyboard */; };
		52F04CBF29DAB52B00EC6372 /* ScanViewController.swift in Sources */ = {isa = PBXBuildFile; fileRef = 52F04C9E29DAB52A00EC6372 /* ScanViewController.swift */; };
		52F04CC029DAB52B00EC6372 /* ZpoinViewController.storyboard in Resources */ = {isa = PBXBuildFile; fileRef = 52F04CA229DAB52A00EC6372 /* ZpoinViewController.storyboard */; };
		52F04CC129DAB52B00EC6372 /* ZpoinViewController.swift in Sources */ = {isa = PBXBuildFile; fileRef = 52F04CA329DAB52A00EC6372 /* ZpoinViewController.swift */; };
		52F04CC229DAB52B00EC6372 /* MeViewController.swift in Sources */ = {isa = PBXBuildFile; fileRef = 52F04CA729DAB52A00EC6372 /* MeViewController.swift */; };
		52F04CC329DAB52B00EC6372 /* MeViewController.storyboard in Resources */ = {isa = PBXBuildFile; fileRef = 52F04CA829DAB52A00EC6372 /* MeViewController.storyboard */; };
		52F04CC429DAB52B00EC6372 /* MainTabbarViewController.swift in Sources */ = {isa = PBXBuildFile; fileRef = 52F04CAA29DAB52A00EC6372 /* MainTabbarViewController.swift */; };
		52F04CC529DAB52B00EC6372 /* SplashScreenViewController.storyboard in Resources */ = {isa = PBXBuildFile; fileRef = 52F04CAF29DAB52A00EC6372 /* SplashScreenViewController.storyboard */; };
		52F04CC629DAB52B00EC6372 /* SplashScreenViewController.swift in Sources */ = {isa = PBXBuildFile; fileRef = 52F04CB029DAB52A00EC6372 /* SplashScreenViewController.swift */; };
/* End PBXBuildFile section */

/* Begin PBXFileReference section */
		52F04C7529DAB4C400EC6372 /* Z1 App IOS.app */ = {isa = PBXFileReference; explicitFileType = wrapper.application; includeInIndex = 0; path = "Z1 App IOS.app"; sourceTree = BUILT_PRODUCTS_DIR; };
		52F04C7829DAB4C400EC6372 /* AppDelegate.swift */ = {isa = PBXFileReference; lastKnownFileType = sourcecode.swift; path = AppDelegate.swift; sourceTree = "<group>"; };
		52F04C7A29DAB4C400EC6372 /* SceneDelegate.swift */ = {isa = PBXFileReference; lastKnownFileType = sourcecode.swift; path = SceneDelegate.swift; sourceTree = "<group>"; };
		52F04C8129DAB4C500EC6372 /* Assets.xcassets */ = {isa = PBXFileReference; lastKnownFileType = folder.assetcatalog; path = Assets.xcassets; sourceTree = "<group>"; };
		52F04C8629DAB4C500EC6372 /* Info.plist */ = {isa = PBXFileReference; lastKnownFileType = text.plist.xml; path = Info.plist; sourceTree = "<group>"; };
		52F04C9129DAB52A00EC6372 /* SlideShowCollectionViewCell.swift */ = {isa = PBXFileReference; fileEncoding = 4; lastKnownFileType = sourcecode.swift; path = SlideShowCollectionViewCell.swift; sourceTree = "<group>"; };
		52F04C9329DAB52A00EC6372 /* HomeViewController.swift */ = {isa = PBXFileReference; fileEncoding = 4; lastKnownFileType = sourcecode.swift; path = HomeViewController.swift; sourceTree = "<group>"; };
		52F04C9429DAB52A00EC6372 /* HomeViewController.storyboard */ = {isa = PBXFileReference; fileEncoding = 4; lastKnownFileType = file.storyboard; path = HomeViewController.storyboard; sourceTree = "<group>"; };
		52F04C9829DAB52A00EC6372 /* FavoritesViewController.storyboard */ = {isa = PBXFileReference; fileEncoding = 4; lastKnownFileType = file.storyboard; path = FavoritesViewController.storyboard; sourceTree = "<group>"; };
		52F04C9929DAB52A00EC6372 /* FavoritesViewController.swift */ = {isa = PBXFileReference; fileEncoding = 4; lastKnownFileType = sourcecode.swift; path = FavoritesViewController.swift; sourceTree = "<group>"; };
		52F04C9D29DAB52A00EC6372 /* ScanViewController.storyboard */ = {isa = PBXFileReference; fileEncoding = 4; lastKnownFileType = file.storyboard; path = ScanViewController.storyboard; sourceTree = "<group>"; };
		52F04C9E29DAB52A00EC6372 /* ScanViewController.swift */ = {isa = PBXFileReference; fileEncoding = 4; lastKnownFileType = sourcecode.swift; path = ScanViewController.swift; sourceTree = "<group>"; };
		52F04CA229DAB52A00EC6372 /* ZpoinViewController.storyboard */ = {isa = PBXFileReference; fileEncoding = 4; lastKnownFileType = file.storyboard; path = ZpoinViewController.storyboard; sourceTree = "<group>"; };
		52F04CA329DAB52A00EC6372 /* ZpoinViewController.swift */ = {isa = PBXFileReference; fileEncoding = 4; lastKnownFileType = sourcecode.swift; path = ZpoinViewController.swift; sourceTree = "<group>"; };
		52F04CA729DAB52A00EC6372 /* MeViewController.swift */ = {isa = PBXFileReference; fileEncoding = 4; lastKnownFileType = sourcecode.swift; path = MeViewController.swift; sourceTree = "<group>"; };
		52F04CA829DAB52A00EC6372 /* MeViewController.storyboard */ = {isa = PBXFileReference; fileEncoding = 4; lastKnownFileType = file.storyboard; path = MeViewController.storyboard; sourceTree = "<group>"; };
		52F04CAA29DAB52A00EC6372 /* MainTabbarViewController.swift */ = {isa = PBXFileReference; fileEncoding = 4; lastKnownFileType = sourcecode.swift; path = MainTabbarViewController.swift; sourceTree = "<group>"; };
		52F04CAF29DAB52A00EC6372 /* SplashScreenViewController.storyboard */ = {isa = PBXFileReference; fileEncoding = 4; lastKnownFileType = file.storyboard; path = SplashScreenViewController.storyboard; sourceTree = "<group>"; };
		52F04CB029DAB52A00EC6372 /* SplashScreenViewController.swift */ = {isa = PBXFileReference; fileEncoding = 4; lastKnownFileType = sourcecode.swift; path = "\bSplashScreenViewController.swift"; sourceTree = "<group>"; };
/* End PBXFileReference section */

/* Begin PBXFrameworksBuildPhase section */
		52F04C7229DAB4C400EC6372 /* Frameworks */ = {
			isa = PBXFrameworksBuildPhase;
			buildActionMask = 2147483647;
			files = (
			);
			runOnlyForDeploymentPostprocessing = 0;
		};
/* End PBXFrameworksBuildPhase section */

/* Begin PBXGroup section */
		52F04C6C29DAB4C400EC6372 = {
			isa = PBXGroup;
			children = (
				52F04C7729DAB4C400EC6372 /* Z1 App IOS */,
				52F04C7629DAB4C400EC6372 /* Products */,
			);
			sourceTree = "<group>";
		};
		52F04C7629DAB4C400EC6372 /* Products */ = {
			isa = PBXGroup;
			children = (
				52F04C7529DAB4C400EC6372 /* Z1 App IOS.app */,
			);
			name = Products;
			sourceTree = "<group>";
		};
		52F04C7729DAB4C400EC6372 /* Z1 App IOS */ = {
			isa = PBXGroup;
			children = (
				52F04C8C29DAB52A00EC6372 /* Z1 */,
				52F04C7829DAB4C400EC6372 /* AppDelegate.swift */,
				52F04C7A29DAB4C400EC6372 /* SceneDelegate.swift */,
				52F04C8129DAB4C500EC6372 /* Assets.xcassets */,
				52F04C8629DAB4C500EC6372 /* Info.plist */,
			);
			path = "Z1 App IOS";
			sourceTree = "<group>";
		};
		52F04C8C29DAB52A00EC6372 /* Z1 */ = {
			isa = PBXGroup;
			children = (
				52F04C8D29DAB52A00EC6372 /* Coordinator */,
				52F04C8E29DAB52A00EC6372 /* App */,
				52F04CAB29DAB52A00EC6372 /* Fireabse */,
				52F04CAC29DAB52A00EC6372 /* Config */,
				52F04CAD29DAB52A00EC6372 /* Resources */,
				52F04CB529DAB52A00EC6372 /* Utils */,
				52F04CB629DAB52A00EC6372 /* Binding */,
				52F04CB729DAB52A00EC6372 /* Thirdparty */,
				52F04CB829DAB52A00EC6372 /* WS */,
			);
			path = Z1;
			sourceTree = "<group>";
		};
		52F04C8D29DAB52A00EC6372 /* Coordinator */ = {
			isa = PBXGroup;
			children = (
			);
			path = Coordinator;
			sourceTree = "<group>";
		};
		52F04C8E29DAB52A00EC6372 /* App */ = {
			isa = PBXGroup;
			children = (
				52F04C8F29DAB52A00EC6372 /* Home */,
				52F04C9529DAB52A00EC6372 /* Favorites */,
				52F04C9A29DAB52A00EC6372 /* Scan */,
				52F04C9F29DAB52A00EC6372 /* ZPOIN */,
				52F04CA429DAB52A00EC6372 /* Me */,
				52F04CA929DAB52A00EC6372 /* Main */,
			);
			path = App;
			sourceTree = "<group>";
		};
		52F04C8F29DAB52A00EC6372 /* Home */ = {
			isa = PBXGroup;
			children = (
				52F04C9029DAB52A00EC6372 /* Component */,
				52F04C9229DAB52A00EC6372 /* Screen */,
			);
			path = Home;
			sourceTree = "<group>";
		};
		52F04C9029DAB52A00EC6372 /* Component */ = {
			isa = PBXGroup;
			children = (
				52F04C9129DAB52A00EC6372 /* SlideShowCollectionViewCell.swift */,
			);
			path = Component;
			sourceTree = "<group>";
		};
		52F04C9229DAB52A00EC6372 /* Screen */ = {
			isa = PBXGroup;
			children = (
				52F04C9329DAB52A00EC6372 /* HomeViewController.swift */,
				52F04C9429DAB52A00EC6372 /* HomeViewController.storyboard */,
			);
			path = Screen;
			sourceTree = "<group>";
		};
		52F04C9529DAB52A00EC6372 /* Favorites */ = {
			isa = PBXGroup;
			children = (
				52F04C9629DAB52A00EC6372 /* Component */,
				52F04C9729DAB52A00EC6372 /* Screen */,
			);
			path = Favorites;
			sourceTree = "<group>";
		};
		52F04C9629DAB52A00EC6372 /* Component */ = {
			isa = PBXGroup;
			children = (
			);
			path = Component;
			sourceTree = "<group>";
		};
		52F04C9729DAB52A00EC6372 /* Screen */ = {
			isa = PBXGroup;
			children = (
				52F04C9829DAB52A00EC6372 /* FavoritesViewController.storyboard */,
				52F04C9929DAB52A00EC6372 /* FavoritesViewController.swift */,
			);
			path = Screen;
			sourceTree = "<group>";
		};
		52F04C9A29DAB52A00EC6372 /* Scan */ = {
			isa = PBXGroup;
			children = (
				52F04C9B29DAB52A00EC6372 /* Component */,
				52F04C9C29DAB52A00EC6372 /* Screen */,
			);
			path = Scan;
			sourceTree = "<group>";
		};
		52F04C9B29DAB52A00EC6372 /* Component */ = {
			isa = PBXGroup;
			children = (
			);
			path = Component;
			sourceTree = "<group>";
		};
		52F04C9C29DAB52A00EC6372 /* Screen */ = {
			isa = PBXGroup;
			children = (
				52F04C9D29DAB52A00EC6372 /* ScanViewController.storyboard */,
				52F04C9E29DAB52A00EC6372 /* ScanViewController.swift */,
			);
			path = Screen;
			sourceTree = "<group>";
		};
		52F04C9F29DAB52A00EC6372 /* ZPOIN */ = {
			isa = PBXGroup;
			children = (
				52F04CA029DAB52A00EC6372 /* Component */,
				52F04CA129DAB52A00EC6372 /* Screen */,
			);
			path = ZPOIN;
			sourceTree = "<group>";
		};
		52F04CA029DAB52A00EC6372 /* Component */ = {
			isa = PBXGroup;
			children = (
			);
			path = Component;
			sourceTree = "<group>";
		};
		52F04CA129DAB52A00EC6372 /* Screen */ = {
			isa = PBXGroup;
			children = (
				52F04CA229DAB52A00EC6372 /* ZpoinViewController.storyboard */,
				52F04CA329DAB52A00EC6372 /* ZpoinViewController.swift */,
			);
			path = Screen;
			sourceTree = "<group>";
		};
		52F04CA429DAB52A00EC6372 /* Me */ = {
			isa = PBXGroup;
			children = (
				52F04CA529DAB52A00EC6372 /* Component */,
				52F04CA629DAB52A00EC6372 /* Screen */,
			);
			path = Me;
			sourceTree = "<group>";
		};
		52F04CA529DAB52A00EC6372 /* Component */ = {
			isa = PBXGroup;
			children = (
			);
			path = Component;
			sourceTree = "<group>";
		};
		52F04CA629DAB52A00EC6372 /* Screen */ = {
			isa = PBXGroup;
			children = (
				52F04CA729DAB52A00EC6372 /* MeViewController.swift */,
				52F04CA829DAB52A00EC6372 /* MeViewController.storyboard */,
			);
			path = Screen;
			sourceTree = "<group>";
		};
		52F04CA929DAB52A00EC6372 /* Main */ = {
			isa = PBXGroup;
			children = (
				52F04CAA29DAB52A00EC6372 /* MainTabbarViewController.swift */,
			);
			path = Main;
			sourceTree = "<group>";
		};
		52F04CAB29DAB52A00EC6372 /* Fireabse */ = {
			isa = PBXGroup;
			children = (
			);
			path = Fireabse;
			sourceTree = "<group>";
		};
		52F04CAC29DAB52A00EC6372 /* Config */ = {
			isa = PBXGroup;
			children = (
			);
			path = Config;
			sourceTree = "<group>";
		};
		52F04CAD29DAB52A00EC6372 /* Resources */ = {
			isa = PBXGroup;
			children = (
				52F04CAE29DAB52A00EC6372 /* Storyboards */,
				52F04CB129DAB52A00EC6372 /* Images */,
				52F04CB229DAB52A00EC6372 /* Fonts */,
				52F04CB329DAB52A00EC6372 /* Assets */,
			);
			path = Resources;
			sourceTree = "<group>";
		};
		52F04CAE29DAB52A00EC6372 /* Storyboards */ = {
			isa = PBXGroup;
			children = (
				52F04CAF29DAB52A00EC6372 /* SplashScreenViewController.storyboard */,
				52F04CB029DAB52A00EC6372 /* SplashScreenViewController.swift */,
			);
			path = Storyboards;
			sourceTree = "<group>";
		};
		52F04CB129DAB52A00EC6372 /* Images */ = {
			isa = PBXGroup;
			children = (
			);
			path = Images;
			sourceTree = "<group>";
		};
		52F04CB229DAB52A00EC6372 /* Fonts */ = {
			isa = PBXGroup;
			children = (
			);
			path = Fonts;
			sourceTree = "<group>";
		};
		52F04CB329DAB52A00EC6372 /* Assets */ = {
			isa = PBXGroup;
			children = (
			);
			path = Assets;
			sourceTree = "<group>";
		};
		52F04CB529DAB52A00EC6372 /* Utils */ = {
			isa = PBXGroup;
			children = (
			);
			path = Utils;
			sourceTree = "<group>";
		};
		52F04CB629DAB52A00EC6372 /* Binding */ = {
			isa = PBXGroup;
			children = (
			);
			path = Binding;
			sourceTree = "<group>";
		};
		52F04CB729DAB52A00EC6372 /* Thirdparty */ = {
			isa = PBXGroup;
			children = (
			);
			path = Thirdparty;
			sourceTree = "<group>";
		};
		52F04CB829DAB52A00EC6372 /* WS */ = {
			isa = PBXGroup;
			children = (
			);
			path = WS;
			sourceTree = "<group>";
		};
/* End PBXGroup section */

/* Begin PBXNativeTarget section */
		52F04C7429DAB4C400EC6372 /* Z1 App IOS */ = {
			isa = PBXNativeTarget;
			buildConfigurationList = 52F04C8929DAB4C500EC6372 /* Build configuration list for PBXNativeTarget "Z1 App IOS" */;
			buildPhases = (
				52F04C7129DAB4C400EC6372 /* Sources */,
				52F04C7229DAB4C400EC6372 /* Frameworks */,
				52F04C7329DAB4C400EC6372 /* Resources */,
			);
			buildRules = (
			);
			dependencies = (
			);
			name = "Z1 App IOS";
			productName = "Z1 App IOS";
			productReference = 52F04C7529DAB4C400EC6372 /* Z1 App IOS.app */;
			productType = "com.apple.product-type.application";
		};
/* End PBXNativeTarget section */

/* Begin PBXProject section */
		52F04C6D29DAB4C400EC6372 /* Project object */ = {
			isa = PBXProject;
			attributes = {
				BuildIndependentTargetsInParallel = 1;
				LastSwiftUpdateCheck = 1420;
				LastUpgradeCheck = 1420;
				TargetAttributes = {
					52F04C7429DAB4C400EC6372 = {
						CreatedOnToolsVersion = 14.2;
					};
				};
			};
			buildConfigurationList = 52F04C7029DAB4C400EC6372 /* Build configuration list for PBXProject "Z1 App IOS" */;
			compatibilityVersion = "Xcode 14.0";
			developmentRegion = en;
			hasScannedForEncodings = 0;
			knownRegions = (
				en,
				Base,
			);
			mainGroup = 52F04C6C29DAB4C400EC6372;
			productRefGroup = 52F04C7629DAB4C400EC6372 /* Products */;
			projectDirPath = "";
			projectRoot = "";
			targets = (
				52F04C7429DAB4C400EC6372 /* Z1 App IOS */,
			);
		};
/* End PBXProject section */

/* Begin PBXResourcesBuildPhase section */
		52F04C7329DAB4C400EC6372 /* Resources */ = {
			isa = PBXResourcesBuildPhase;
			buildActionMask = 2147483647;
			files = (
				52F04CC029DAB52B00EC6372 /* ZpoinViewController.storyboard in Resources */,
				52F04CBB29DAB52B00EC6372 /* HomeViewController.storyboard in Resources */,
				52F04CC329DAB52B00EC6372 /* MeViewController.storyboard in Resources */,
				52F04CBE29DAB52B00EC6372 /* ScanViewController.storyboard in Resources */,
				52F04C8229DAB4C500EC6372 /* Assets.xcassets in Resources */,
				52F04CC529DAB52B00EC6372 /* SplashScreenViewController.storyboard in Resources */,
				52F04CBC29DAB52B00EC6372 /* FavoritesViewController.storyboard in Resources */,
			);
			runOnlyForDeploymentPostprocessing = 0;
		};
/* End PBXResourcesBuildPhase section */

/* Begin PBXSourcesBuildPhase section */
		52F04C7129DAB4C400EC6372 /* Sources */ = {
			isa = PBXSourcesBuildPhase;
			buildActionMask = 2147483647;
			files = (
				52F04CC229DAB52B00EC6372 /* MeViewController.swift in Sources */,
				52F04CBA29DAB52B00EC6372 /* HomeViewController.swift in Sources */,
				52F04CBF29DAB52B00EC6372 /* ScanViewController.swift in Sources */,
				52F04CC629DAB52B00EC6372 /* SplashScreenViewController.swift in Sources */,
				52F04CC129DAB52B00EC6372 /* ZpoinViewController.swift in Sources */,
				52F04C7929DAB4C400EC6372 /* AppDelegate.swift in Sources */,
				52F04C7B29DAB4C400EC6372 /* SceneDelegate.swift in Sources */,
				52F04CBD29DAB52B00EC6372 /* FavoritesViewController.swift in Sources */,
				52F04CB929DAB52B00EC6372 /* SlideShowCollectionViewCell.swift in Sources */,
				52F04CC429DAB52B00EC6372 /* MainTabbarViewController.swift in Sources */,
			);
			runOnlyForDeploymentPostprocessing = 0;
		};
/* End PBXSourcesBuildPhase section */

/* Begin XCBuildConfiguration section */
		52F04C8729DAB4C500EC6372 /* Debug */ = {
			isa = XCBuildConfiguration;
			buildSettings = {
				ALWAYS_SEARCH_USER_PATHS = NO;
				CLANG_ANALYZER_NONNULL = YES;
				CLANG_ANALYZER_NUMBER_OBJECT_CONVERSION = YES_AGGRESSIVE;
				CLANG_CXX_LANGUAGE_STANDARD = "gnu++20";
				CLANG_ENABLE_MODULES = YES;
				CLANG_ENABLE_OBJC_ARC = YES;
				CLANG_ENABLE_OBJC_WEAK = YES;
				CLANG_WARN_BLOCK_CAPTURE_AUTORELEASING = YES;
				CLANG_WARN_BOOL_CONVERSION = YES;
				CLANG_WARN_COMMA = YES;
				CLANG_WARN_CONSTANT_CONVERSION = YES;
				CLANG_WARN_DEPRECATED_OBJC_IMPLEMENTATIONS = YES;
				CLANG_WARN_DIRECT_OBJC_ISA_USAGE = YES_ERROR;
				CLANG_WARN_DOCUMENTATION_COMMENTS = YES;
				CLANG_WARN_EMPTY_BODY = YES;
				CLANG_WARN_ENUM_CONVERSION = YES;
				CLANG_WARN_INFINITE_RECURSION = YES;
				CLANG_WARN_INT_CONVERSION = YES;
				CLANG_WARN_NON_LITERAL_NULL_CONVERSION = YES;
				CLANG_WARN_OBJC_IMPLICIT_RETAIN_SELF = YES;
				CLANG_WARN_OBJC_LITERAL_CONVERSION = YES;
				CLANG_WARN_OBJC_ROOT_CLASS = YES_ERROR;
				CLANG_WARN_QUOTED_INCLUDE_IN_FRAMEWORK_HEADER = YES;
				CLANG_WARN_RANGE_LOOP_ANALYSIS = YES;
				CLANG_WARN_STRICT_PROTOTYPES = YES;
				CLANG_WARN_SUSPICIOUS_MOVE = YES;
				CLANG_WARN_UNGUARDED_AVAILABILITY = YES_AGGRESSIVE;
				CLANG_WARN_UNREACHABLE_CODE = YES;
				CLANG_WARN__DUPLICATE_METHOD_MATCH = YES;
				COPY_PHASE_STRIP = NO;
				DEBUG_INFORMATION_FORMAT = dwarf;
				ENABLE_STRICT_OBJC_MSGSEND = YES;
				ENABLE_TESTABILITY = YES;
				GCC_C_LANGUAGE_STANDARD = gnu11;
				GCC_DYNAMIC_NO_PIC = NO;
				GCC_NO_COMMON_BLOCKS = YES;
				GCC_OPTIMIZATION_LEVEL = 0;
				GCC_PREPROCESSOR_DEFINITIONS = (
					"DEBUG=1",
					"$(inherited)",
				);
				GCC_WARN_64_TO_32_BIT_CONVERSION = YES;
				GCC_WARN_ABOUT_RETURN_TYPE = YES_ERROR;
				GCC_WARN_UNDECLARED_SELECTOR = YES;
				GCC_WARN_UNINITIALIZED_AUTOS = YES_AGGRESSIVE;
				GCC_WARN_UNUSED_FUNCTION = YES;
				GCC_WARN_UNUSED_VARIABLE = YES;
				IPHONEOS_DEPLOYMENT_TARGET = 16.2;
				MTL_ENABLE_DEBUG_INFO = INCLUDE_SOURCE;
				MTL_FAST_MATH = YES;
				ONLY_ACTIVE_ARCH = YES;
				SDKROOT = iphoneos;
				SWIFT_ACTIVE_COMPILATION_CONDITIONS = DEBUG;
				SWIFT_OPTIMIZATION_LEVEL = "-Onone";
			};
			name = Debug;
		};
		52F04C8829DAB4C500EC6372 /* Release */ = {
			isa = XCBuildConfiguration;
			buildSettings = {
				ALWAYS_SEARCH_USER_PATHS = NO;
				CLANG_ANALYZER_NONNULL = YES;
				CLANG_ANALYZER_NUMBER_OBJECT_CONVERSION = YES_AGGRESSIVE;
				CLANG_CXX_LANGUAGE_STANDARD = "gnu++20";
				CLANG_ENABLE_MODULES = YES;
				CLANG_ENABLE_OBJC_ARC = YES;
				CLANG_ENABLE_OBJC_WEAK = YES;
				CLANG_WARN_BLOCK_CAPTURE_AUTORELEASING = YES;
				CLANG_WARN_BOOL_CONVERSION = YES;
				CLANG_WARN_COMMA = YES;
				CLANG_WARN_CONSTANT_CONVERSION = YES;
				CLANG_WARN_DEPRECATED_OBJC_IMPLEMENTATIONS = YES;
				CLANG_WARN_DIRECT_OBJC_ISA_USAGE = YES_ERROR;
				CLANG_WARN_DOCUMENTATION_COMMENTS = YES;
				CLANG_WARN_EMPTY_BODY = YES;
				CLANG_WARN_ENUM_CONVERSION = YES;
				CLANG_WARN_INFINITE_RECURSION = YES;
				CLANG_WARN_INT_CONVERSION = YES;
				CLANG_WARN_NON_LITERAL_NULL_CONVERSION = YES;
				CLANG_WARN_OBJC_IMPLICIT_RETAIN_SELF = YES;
				CLANG_WARN_OBJC_LITERAL_CONVERSION = YES;
				CLANG_WARN_OBJC_ROOT_CLASS = YES_ERROR;
				CLANG_WARN_QUOTED_INCLUDE_IN_FRAMEWORK_HEADER = YES;
				CLANG_WARN_RANGE_LOOP_ANALYSIS = YES;
				CLANG_WARN_STRICT_PROTOTYPES = YES;
				CLANG_WARN_SUSPICIOUS_MOVE = YES;
				CLANG_WARN_UNGUARDED_AVAILABILITY = YES_AGGRESSIVE;
				CLANG_WARN_UNREACHABLE_CODE = YES;
				CLANG_WARN__DUPLICATE_METHOD_MATCH = YES;
				COPY_PHASE_STRIP = NO;
				DEBUG_INFORMATION_FORMAT = "dwarf-with-dsym";
				ENABLE_NS_ASSERTIONS = NO;
				ENABLE_STRICT_OBJC_MSGSEND = YES;
				GCC_C_LANGUAGE_STANDARD = gnu11;
				GCC_NO_COMMON_BLOCKS = YES;
				GCC_WARN_64_TO_32_BIT_CONVERSION = YES;
				GCC_WARN_ABOUT_RETURN_TYPE = YES_ERROR;
				GCC_WARN_UNDECLARED_SELECTOR = YES;
				GCC_WARN_UNINITIALIZED_AUTOS = YES_AGGRESSIVE;
				GCC_WARN_UNUSED_FUNCTION = YES;
				GCC_WARN_UNUSED_VARIABLE = YES;
				IPHONEOS_DEPLOYMENT_TARGET = 16.2;
				MTL_ENABLE_DEBUG_INFO = NO;
				MTL_FAST_MATH = YES;
				SDKROOT = iphoneos;
				SWIFT_COMPILATION_MODE = wholemodule;
				SWIFT_OPTIMIZATION_LEVEL = "-O";
				VALIDATE_PRODUCT = YES;
			};
			name = Release;
		};
		52F04C8A29DAB4C500EC6372 /* Debug */ = {
			isa = XCBuildConfiguration;
			buildSettings = {
				ASSETCATALOG_COMPILER_APPICON_NAME = AppIcon;
				ASSETCATALOG_COMPILER_GLOBAL_ACCENT_COLOR_NAME = AccentColor;
				CODE_SIGN_STYLE = Automatic;
				CURRENT_PROJECT_VERSION = 1;
				GENERATE_INFOPLIST_FILE = YES;
				INFOPLIST_FILE = "Z1 App IOS/Info.plist";
				INFOPLIST_KEY_UIApplicationSupportsIndirectInputEvents = YES;
				INFOPLIST_KEY_UILaunchStoryboardName = Main.storyboard;
				INFOPLIST_KEY_UISupportedInterfaceOrientations_iPad = "UIInterfaceOrientationPortrait UIInterfaceOrientationPortraitUpsideDown UIInterfaceOrientationLandscapeLeft UIInterfaceOrientationLandscapeRight";
				INFOPLIST_KEY_UISupportedInterfaceOrientations_iPhone = "UIInterfaceOrientationPortrait UIInterfaceOrientationLandscapeLeft UIInterfaceOrientationLandscapeRight";
				LD_RUNPATH_SEARCH_PATHS = (
					"$(inherited)",
					"@executable_path/Frameworks",
				);
				MARKETING_VERSION = 1.0;
				PRODUCT_BUNDLE_IDENTIFIER = "com.phatmenghor.Z1-App-IOS";
				PRODUCT_NAME = "$(TARGET_NAME)";
				SWIFT_EMIT_LOC_STRINGS = YES;
				SWIFT_VERSION = 5.0;
				TARGETED_DEVICE_FAMILY = "1,2";
			};
			name = Debug;
		};
		52F04C8B29DAB4C500EC6372 /* Release */ = {
			isa = XCBuildConfiguration;
			buildSettings = {
				ASSETCATALOG_COMPILER_APPICON_NAME = AppIcon;
				ASSETCATALOG_COMPILER_GLOBAL_ACCENT_COLOR_NAME = AccentColor;
				CODE_SIGN_STYLE = Automatic;
				CURRENT_PROJECT_VERSION = 1;
				GENERATE_INFOPLIST_FILE = YES;
				INFOPLIST_FILE = "Z1 App IOS/Info.plist";
				INFOPLIST_KEY_UIApplicationSupportsIndirectInputEvents = YES;
				INFOPLIST_KEY_UILaunchStoryboardName = Main.storyboard;
				INFOPLIST_KEY_UISupportedInterfaceOrientations_iPad = "UIInterfaceOrientationPortrait UIInterfaceOrientationPortraitUpsideDown UIInterfaceOrientationLandscapeLeft UIInterfaceOrientationLandscapeRight";
				INFOPLIST_KEY_UISupportedInterfaceOrientations_iPhone = "UIInterfaceOrientationPortrait UIInterfaceOrientationLandscapeLeft UIInterfaceOrientationLandscapeRight";
				LD_RUNPATH_SEARCH_PATHS = (
					"$(inherited)",
					"@executable_path/Frameworks",
				);
				MARKETING_VERSION = 1.0;
				PRODUCT_BUNDLE_IDENTIFIER = "com.phatmenghor.Z1-App-IOS";
				PRODUCT_NAME = "$(TARGET_NAME)";
				SWIFT_EMIT_LOC_STRINGS = YES;
				SWIFT_VERSION = 5.0;
				TARGETED_DEVICE_FAMILY = "1,2";
			};
			name = Release;
		};
/* End XCBuildConfiguration section */

/* Begin XCConfigurationList section */
		52F04C7029DAB4C400EC6372 /* Build configuration list for PBXProject "Z1 App IOS" */ = {
			isa = XCConfigurationList;
			buildConfigurations = (
				52F04C8729DAB4C500EC6372 /* Debug */,
				52F04C8829DAB4C500EC6372 /* Release */,
			);
			defaultConfigurationIsVisible = 0;
			defaultConfigurationName = Release;
		};
		52F04C8929DAB4C500EC6372 /* Build configuration list for PBXNativeTarget "Z1 App IOS" */ = {
			isa = XCConfigurationList;
			buildConfigurations = (
				52F04C8A29DAB4C500EC6372 /* Debug */,
				52F04C8B29DAB4C500EC6372 /* Release */,
			);
			defaultConfigurationIsVisible = 0;
			defaultConfigurationName = Release;
		};
/* End XCConfigurationList section */
	};
	rootObject = 52F04C6D29DAB4C400EC6372 /* Project object */;
}
